// !$*UTF8*$!
{
	archiveVersion = 1;
	classes = {
	};
	objectVersion = 52;
	objects = {

/* Begin PBXBuildFile section */
		33F1521025DAAA8E006054A2 /* LivePhotoView.swift in Sources */ = {isa = PBXBuildFile; fileRef = 33F1520F25DAAA8E006054A2 /* LivePhotoView.swift */; };
		33F264CA25DC05A100C1824B /* PhotoPicker in Frameworks */ = {isa = PBXBuildFile; productRef = 33F264C925DC05A100C1824B /* PhotoPicker */; };
		33FB018025D6BA5D0047B6F5 /* DemoApp.swift in Sources */ = {isa = PBXBuildFile; fileRef = 33FB017F25D6BA5D0047B6F5 /* DemoApp.swift */; };
		33FB018225D6BA5D0047B6F5 /* ContentView.swift in Sources */ = {isa = PBXBuildFile; fileRef = 33FB018125D6BA5D0047B6F5 /* ContentView.swift */; };
		33FB018425D6BA5E0047B6F5 /* Assets.xcassets in Resources */ = {isa = PBXBuildFile; fileRef = 33FB018325D6BA5E0047B6F5 /* Assets.xcassets */; };
		33FB018725D6BA5E0047B6F5 /* Preview Assets.xcassets in Resources */ = {isa = PBXBuildFile; fileRef = 33FB018625D6BA5E0047B6F5 /* Preview Assets.xcassets */; };
/* End PBXBuildFile section */

/* Begin PBXFileReference section */
		33F1520F25DAAA8E006054A2 /* LivePhotoView.swift */ = {isa = PBXFileReference; lastKnownFileType = sourcecode.swift; path = LivePhotoView.swift; sourceTree = "<group>"; };
		33F264C225DC051D00C1824B /* SwiftUI-PhotoPicker */ = {isa = PBXFileReference; lastKnownFileType = folder; name = "SwiftUI-PhotoPicker"; path = ..; sourceTree = "<group>"; };
		33FB017C25D6BA5D0047B6F5 /* PhotoPickerDemo.app */ = {isa = PBXFileReference; explicitFileType = wrapper.application; includeInIndex = 0; path = PhotoPickerDemo.app; sourceTree = BUILT_PRODUCTS_DIR; };
		33FB017F25D6BA5D0047B6F5 /* DemoApp.swift */ = {isa = PBXFileReference; lastKnownFileType = sourcecode.swift; path = DemoApp.swift; sourceTree = "<group>"; };
		33FB018125D6BA5D0047B6F5 /* ContentView.swift */ = {isa = PBXFileReference; lastKnownFileType = sourcecode.swift; path = ContentView.swift; sourceTree = "<group>"; };
		33FB018325D6BA5E0047B6F5 /* Assets.xcassets */ = {isa = PBXFileReference; lastKnownFileType = folder.assetcatalog; path = Assets.xcassets; sourceTree = "<group>"; };
		33FB018625D6BA5E0047B6F5 /* Preview Assets.xcassets */ = {isa = PBXFileReference; lastKnownFileType = folder.assetcatalog; path = "Preview Assets.xcassets"; sourceTree = "<group>"; };
		33FB018825D6BA5E0047B6F5 /* Info.plist */ = {isa = PBXFileReference; lastKnownFileType = text.plist.xml; path = Info.plist; sourceTree = "<group>"; };
/* End PBXFileReference section */

/* Begin PBXFrameworksBuildPhase section */
		33FB017925D6BA5D0047B6F5 /* Frameworks */ = {
			isa = PBXFrameworksBuildPhase;
			buildActionMask = 2147483647;
			files = (
				33F264CA25DC05A100C1824B /* PhotoPicker in Frameworks */,
			);
			runOnlyForDeploymentPostprocessing = 0;
		};
/* End PBXFrameworksBuildPhase section */

/* Begin PBXGroup section */
		33F264C425DC053600C1824B /* Frameworks */ = {
			isa = PBXGroup;
			children = (
			);
			name = Frameworks;
			sourceTree = "<group>";
		};
		33FB017325D6BA5D0047B6F5 = {
			isa = PBXGroup;
			children = (
				33F264C225DC051D00C1824B /* SwiftUI-PhotoPicker */,
				33FB017E25D6BA5D0047B6F5 /* PhotoPickerDemo */,
				33FB017D25D6BA5D0047B6F5 /* Products */,
				33F264C425DC053600C1824B /* Frameworks */,
			);
			sourceTree = "<group>";
		};
		33FB017D25D6BA5D0047B6F5 /* Products */ = {
			isa = PBXGroup;
			children = (
				33FB017C25D6BA5D0047B6F5 /* PhotoPickerDemo.app */,
			);
			name = Products;
			sourceTree = "<group>";
		};
		33FB017E25D6BA5D0047B6F5 /* PhotoPickerDemo */ = {
			isa = PBXGroup;
			children = (
				33FB017F25D6BA5D0047B6F5 /* DemoApp.swift */,
				33FB018125D6BA5D0047B6F5 /* ContentView.swift */,
				33F1520F25DAAA8E006054A2 /* LivePhotoView.swift */,
				33FB018325D6BA5E0047B6F5 /* Assets.xcassets */,
				33FB018825D6BA5E0047B6F5 /* Info.plist */,
				33FB018525D6BA5E0047B6F5 /* Preview Content */,
			);
			path = PhotoPickerDemo;
			sourceTree = "<group>";
		};
		33FB018525D6BA5E0047B6F5 /* Preview Content */ = {
			isa = PBXGroup;
			children = (
				33FB018625D6BA5E0047B6F5 /* Preview Assets.xcassets */,
			);
			path = "Preview Content";
			sourceTree = "<group>";
		};
/* End PBXGroup section */

/* Begin PBXNativeTarget section */
		33FB017B25D6BA5D0047B6F5 /* PhotoPickerDemo */ = {
			isa = PBXNativeTarget;
			buildConfigurationList = 33FB018B25D6BA5E0047B6F5 /* Build configuration list for PBXNativeTarget "PhotoPickerDemo" */;
			buildPhases = (
				33FB017825D6BA5D0047B6F5 /* Sources */,
				33FB017925D6BA5D0047B6F5 /* Frameworks */,
				33FB017A25D6BA5D0047B6F5 /* Resources */,
			);
			buildRules = (
			);
			dependencies = (
			);
			name = PhotoPickerDemo;
			packageProductDependencies = (
				33F264C925DC05A100C1824B /* PhotoPicker */,
			);
			productName = PhotoPickerDemo;
			productReference = 33FB017C25D6BA5D0047B6F5 /* PhotoPickerDemo.app */;
			productType = "com.apple.product-type.application";
		};
/* End PBXNativeTarget section */

/* Begin PBXProject section */
		33FB017425D6BA5D0047B6F5 /* Project object */ = {
			isa = PBXProject;
			attributes = {
				LastSwiftUpdateCheck = 1230;
				LastUpgradeCheck = 1230;
				TargetAttributes = {
					33FB017B25D6BA5D0047B6F5 = {
						CreatedOnToolsVersion = 12.3;
					};
				};
			};
			buildConfigurationList = 33FB017725D6BA5D0047B6F5 /* Build configuration list for PBXProject "PhotoPickerDemo" */;
			compatibilityVersion = "Xcode 9.3";
			developmentRegion = en;
			hasScannedForEncodings = 0;
			knownRegions = (
				en,
				Base,
			);
			mainGroup = 33FB017325D6BA5D0047B6F5;
			productRefGroup = 33FB017D25D6BA5D0047B6F5 /* Products */;
			projectDirPath = "";
			projectRoot = "";
			targets = (
				33FB017B25D6BA5D0047B6F5 /* PhotoPickerDemo */,
			);
		};
/* End PBXProject section */

/* Begin PBXResourcesBuildPhase section */
		33FB017A25D6BA5D0047B6F5 /* Resources */ = {
			isa = PBXResourcesBuildPhase;
			buildActionMask = 2147483647;
			files = (
				33FB018725D6BA5E0047B6F5 /* Preview Assets.xcassets in Resources */,
				33FB018425D6BA5E0047B6F5 /* Assets.xcassets in Resources */,
			);
			runOnlyForDeploymentPostprocessing = 0;
		};
/* End PBXResourcesBuildPhase section */

/* Begin PBXSourcesBuildPhase section */
		33FB017825D6BA5D0047B6F5 /* Sources */ = {
			isa = PBXSourcesBuildPhase;
			buildActionMask = 2147483647;
			files = (
				33FB018225D6BA5D0047B6F5 /* ContentView.swift in Sources */,
				33FB018025D6BA5D0047B6F5 /* DemoApp.swift in Sources */,
				33F1521025DAAA8E006054A2 /* LivePhotoView.swift in Sources */,
			);
			runOnlyForDeploymentPostprocessing = 0;
		};
/* End PBXSourcesBuildPhase section */

/* Begin XCBuildConfiguration section */
		33FB018925D6BA5E0047B6F5 /* Debug */ = {
			isa = XCBuildConfiguration;
			buildSettings = {
				ALWAYS_SEARCH_USER_PATHS = NO;
				CLANG_ANALYZER_NONNULL = YES;
				CLANG_ANALYZER_NUMBER_OBJECT_CONVERSION = YES_AGGRESSIVE;
				CLANG_CXX_LANGUAGE_STANDARD = "gnu++14";
				CLANG_CXX_LIBRARY = "libc++";
				CLANG_ENABLE_MODULES = YES;
				CLANG_ENABLE_OBJC_ARC = YES;
				CLANG_ENABLE_OBJC_WEAK = YES;
				CLANG_WARN_BLOCK_CAPTURE_AUTORELEASING = YES;
				CLANG_WARN_BOOL_CONVERSION = YES;
				CLANG_WARN_COMMA = YES;
				CLANG_WARN_CONSTANT_CONVERSION = YES;
				CLANG_WARN_DEPRECATED_OBJC_IMPLEMENTATIONS = YES;
				CLANG_WARN_DIRECT_OBJC_ISA_USAGE = YES_ERROR;
				CLANG_WARN_DOCUMENTATION_COMMENTS = YES;
				CLANG_WARN_EMPTY_BODY = YES;
				CLANG_WARN_ENUM_CONVERSION = YES;
				CLANG_WARN_INFINITE_RECURSION = YES;
				CLANG_WARN_INT_CONVERSION = YES;
				CLANG_WARN_NON_LITERAL_NULL_CONVERSION = YES;
				CLANG_WARN_OBJC_IMPLICIT_RETAIN_SELF = YES;
				CLANG_WARN_OBJC_LITERAL_CONVERSION = YES;
				CLANG_WARN_OBJC_ROOT_CLASS = YES_ERROR;
				CLANG_WARN_QUOTED_INCLUDE_IN_FRAMEWORK_HEADER = YES;
				CLANG_WARN_RANGE_LOOP_ANALYSIS = YES;
				CLANG_WARN_STRICT_PROTOTYPES = YES;
				CLANG_WARN_SUSPICIOUS_MOVE = YES;
				CLANG_WARN_UNGUARDED_AVAILABILITY = YES_AGGRESSIVE;
				CLANG_WARN_UNREACHABLE_CODE = YES;
				CLANG_WARN__DUPLICATE_METHOD_MATCH = YES;
				COPY_PHASE_STRIP = NO;
				DEBUG_INFORMATION_FORMAT = dwarf;
				ENABLE_STRICT_OBJC_MSGSEND = YES;
				ENABLE_TESTABILITY = YES;
				GCC_C_LANGUAGE_STANDARD = gnu11;
				GCC_DYNAMIC_NO_PIC = NO;
				GCC_NO_COMMON_BLOCKS = YES;
				GCC_OPTIMIZATION_LEVEL = 0;
				GCC_PREPROCESSOR_DEFINITIONS = (
					"DEBUG=1",
					"$(inherited)",
				);
				GCC_WARN_64_TO_32_BIT_CONVERSION = YES;
				GCC_WARN_ABOUT_RETURN_TYPE = YES_ERROR;
				GCC_WARN_UNDECLARED_SELECTOR = YES;
				GCC_WARN_UNINITIALIZED_AUTOS = YES_AGGRESSIVE;
				GCC_WARN_UNUSED_FUNCTION = YES;
				GCC_WARN_UNUSED_VARIABLE = YES;
				IPHONEOS_DEPLOYMENT_TARGET = 14.3;
				MTL_ENABLE_DEBUG_INFO = INCLUDE_SOURCE;
				MTL_FAST_MATH = YES;
				ONLY_ACTIVE_ARCH = YES;
				SDKROOT = iphoneos;
				SWIFT_ACTIVE_COMPILATION_CONDITIONS = DEBUG;
				SWIFT_OPTIMIZATION_LEVEL = "-Onone";
			};
			name = Debug;
		};
		33FB018A25D6BA5E0047B6F5 /* Release */ = {
			isa = XCBuildConfiguration;
			buildSettings = {
				ALWAYS_SEARCH_USER_PATHS = NO;
				CLANG_ANALYZER_NONNULL = YES;
				CLANG_ANALYZER_NUMBER_OBJECT_CONVERSION = YES_AGGRESSIVE;
				CLANG_CXX_LANGUAGE_STANDARD = "gnu++14";
				CLANG_CXX_LIBRARY = "libc++";
				CLANG_ENABLE_MODULES = YES;
				CLANG_ENABLE_OBJC_ARC = YES;
				CLANG_ENABLE_OBJC_WEAK = YES;
				CLANG_WARN_BLOCK_CAPTURE_AUTORELEASING = YES;
				CLANG_WARN_BOOL_CONVERSION = YES;
				CLANG_WARN_COMMA = YES;
				CLANG_WARN_CONSTANT_CONVERSION = YES;
				CLANG_WARN_DEPRECATED_OBJC_IMPLEMENTATIONS = YES;
				CLANG_WARN_DIRECT_OBJC_ISA_USAGE = YES_ERROR;
				CLANG_WARN_DOCUMENTATION_COMMENTS = YES;
				CLANG_WARN_EMPTY_BODY = YES;
				CLANG_WARN_ENUM_CONVERSION = YES;
				CLANG_WARN_INFINITE_RECURSION = YES;
				CLANG_WARN_INT_CONVERSION = YES;
				CLANG_WARN_NON_LITERAL_NULL_CONVERSION = YES;
				CLANG_WARN_OBJC_IMPLICIT_RETAIN_SELF = YES;
				CLANG_WARN_OBJC_LITERAL_CONVERSION = YES;
				CLANG_WARN_OBJC_ROOT_CLASS = YES_ERROR;
				CLANG_WARN_QUOTED_INCLUDE_IN_FRAMEWORK_HEADER = YES;
				CLANG_WARN_RANGE_LOOP_ANALYSIS = YES;
				CLANG_WARN_STRICT_PROTOTYPES = YES;
				CLANG_WARN_SUSPICIOUS_MOVE = YES;
				CLANG_WARN_UNGUARDED_AVAILABILITY = YES_AGGRESSIVE;
				CLANG_WARN_UNREACHABLE_CODE = YES;
				CLANG_WARN__DUPLICATE_METHOD_MATCH = YES;
				COPY_PHASE_STRIP = NO;
				DEBUG_INFORMATION_FORMAT = "dwarf-with-dsym";
				ENABLE_NS_ASSERTIONS = NO;
				ENABLE_STRICT_OBJC_MSGSEND = YES;
				GCC_C_LANGUAGE_STANDARD = gnu11;
				GCC_NO_COMMON_BLOCKS = YES;
				GCC_WARN_64_TO_32_BIT_CONVERSION = YES;
				GCC_WARN_ABOUT_RETURN_TYPE = YES_ERROR;
				GCC_WARN_UNDECLARED_SELECTOR = YES;
				GCC_WARN_UNINITIALIZED_AUTOS = YES_AGGRESSIVE;
				GCC_WARN_UNUSED_FUNCTION = YES;
				GCC_WARN_UNUSED_VARIABLE = YES;
				IPHONEOS_DEPLOYMENT_TARGET = 14.3;
				MTL_ENABLE_DEBUG_INFO = NO;
				MTL_FAST_MATH = YES;
				SDKROOT = iphoneos;
				SWIFT_COMPILATION_MODE = wholemodule;
				SWIFT_OPTIMIZATION_LEVEL = "-O";
				VALIDATE_PRODUCT = YES;
			};
			name = Release;
		};
		33FB018C25D6BA5E0047B6F5 /* Debug */ = {
			isa = XCBuildConfiguration;
			buildSettings = {
				ASSETCATALOG_COMPILER_APPICON_NAME = AppIcon;
				ASSETCATALOG_COMPILER_GLOBAL_ACCENT_COLOR_NAME = AccentColor;
				CODE_SIGN_STYLE = Automatic;
				DEVELOPMENT_ASSET_PATHS = "\"PhotoPickerDemo/Preview Content\"";
				DEVELOPMENT_TEAM = UMBZ5WL247;
				ENABLE_PREVIEWS = YES;
				INFOPLIST_FILE = PhotoPickerDemo/Info.plist;
				IPHONEOS_DEPLOYMENT_TARGET = 14.0;
				LD_RUNPATH_SEARCH_PATHS = (
					"$(inherited)",
					"@executable_path/Frameworks",
				);
				PRODUCT_BUNDLE_IDENTIFIER = com.inamiy.PhotoPickerDemo;
				PRODUCT_NAME = "$(TARGET_NAME)";
				SWIFT_VERSION = 5.0;
				TARGETED_DEVICE_FAMILY = "1,2";
			};
			name = Debug;
		};
		33FB018D25D6BA5E0047B6F5 /* Release */ = {
			isa = XCBuildConfiguration;
			buildSettings = {
				ASSETCATALOG_COMPILER_APPICON_NAME = AppIcon;
				ASSETCATALOG_COMPILER_GLOBAL_ACCENT_COLOR_NAME = AccentColor;
				CODE_SIGN_STYLE = Automatic;
				DEVELOPMENT_ASSET_PATHS = "\"PhotoPickerDemo/Preview Content\"";
				DEVELOPMENT_TEAM = UMBZ5WL247;
				ENABLE_PREVIEWS = YES;
				INFOPLIST_FILE = PhotoPickerDemo/Info.plist;
				IPHONEOS_DEPLOYMENT_TARGET = 14.0;
				LD_RUNPATH_SEARCH_PATHS = (
					"$(inherited)",
					"@executable_path/Frameworks",
				);
				PRODUCT_BUNDLE_IDENTIFIER = com.inamiy.PhotoPickerDemo;
				PRODUCT_NAME = "$(TARGET_NAME)";
				SWIFT_VERSION = 5.0;
				TARGETED_DEVICE_FAMILY = "1,2";
			};
			name = Release;
		};
/* End XCBuildConfiguration section */

/* Begin XCConfigurationList section */
		33FB017725D6BA5D0047B6F5 /* Build configuration list for PBXProject "PhotoPickerDemo" */ = {
			isa = XCConfigurationList;
			buildConfigurations = (
				33FB018925D6BA5E0047B6F5 /* Debug */,
				33FB018A25D6BA5E0047B6F5 /* Release */,
			);
			defaultConfigurationIsVisible = 0;
			defaultConfigurationName = Release;
		};
		33FB018B25D6BA5E0047B6F5 /* Build configuration list for PBXNativeTarget "PhotoPickerDemo" */ = {
			isa = XCConfigurationList;
			buildConfigurations = (
				33FB018C25D6BA5E0047B6F5 /* Debug */,
				33FB018D25D6BA5E0047B6F5 /* Release */,
			);
			defaultConfigurationIsVisible = 0;
			defaultConfigurationName = Release;
		};
/* End XCConfigurationList section */

/* Begin XCSwiftPackageProductDependency section */
		33F264C925DC05A100C1824B /* PhotoPicker */ = {
			isa = XCSwiftPackageProductDependency;
			productName = PhotoPicker;
		};
/* End XCSwiftPackageProductDependency section */
	};
	rootObject = 33FB017425D6BA5D0047B6F5 /* Project object */;
}
